
Microsoft Visual Studio Solution File, Format Version 12.00
# Visual Studio Express 2013 for Web
VisualStudioVersion = 12.0.30723.0
MinimumVisualStudioVersion = 10.0.40219.1
Project("{FAE04EC0-301F-11D3-BF4B-00C04F79EFBC}") = "MVCExerciseTry1", "MVCExerciseTry1\MVCExerciseTry1.csproj", "{096CC447-AF25-486F-AFC1-49466AEA453F}"
EndProject
Project("{FAE04EC0-301F-11D3-BF4B-00C04F79EFBC}") = "MVCExerciseTry1.Tests", "MVCExerciseTry1.Tests\MVCExerciseTry1.Tests.csproj", "{4ECEBED2-5872-4C53-AAE3-2288C19D787F}"
EndProject
Global
	GlobalSection(SolutionConfigurationPlatforms) = preSolution
		Debug|Any CPU = Debug|Any CPU
		Release|Any CPU = Release|Any CPU
	EndGlobalSection
	GlobalSection(ProjectConfigurationPlatforms) = postSolution
		{096CC447-AF25-486F-AFC1-49466AEA453F}.Debug|Any CPU.ActiveCfg = Debug|Any CPU
		{096CC447-AF25-486F-AFC1-49466AEA453F}.Debug|Any CPU.Build.0 = Debug|Any CPU
		{096CC447-AF25-486F-AFC1-49466AEA453F}.Release|Any CPU.ActiveCfg = Release|Any CPU
		{096CC447-AF25-486F-AFC1-49466AEA453F}.Release|Any CPU.Build.0 = Release|Any CPU
		{4ECEBED2-5872-4C53-AAE3-2288C19D787F}.Debug|Any CPU.ActiveCfg = Debug|Any CPU
		{4ECEBED2-5872-4C53-AAE3-2288C19D787F}.Debug|Any CPU.Build.0 = Debug|Any CPU
		{4ECEBED2-5872-4C53-AAE3-2288C19D787F}.Release|Any CPU.ActiveCfg = Release|Any CPU
		{4ECEBED2-5872-4C53-AAE3-2288C19D787F}.Release|Any CPU.Build.0 = Release|Any CPU
	EndGlobalSection
	GlobalSection(SolutionProperties) = preSolution
		HideSolutionNode = FALSE
	EndGlobalSection
EndGlobal
